
Microsoft Visual Studio Solution File, Format Version 12.00
# Visual Studio Version 17
VisualStudioVersion = 17.2.32616.157
MinimumVisualStudioVersion = 10.0.40219.1
Project("{54A90642-561A-4BB1-A94E-469ADEE60C69}") = "MobilityRentApp-Frontend", "MobilityRentApp\MobilityRentApp-Frontend.esproj", "{AAD3B2CE-E24A-4409-AF4F-87CAA071FCF4}"
EndProject
Project("{FAE04EC0-301F-11D3-BF4B-00C04F79EFBC}") = "MobilityRentApp-Backend", "MobilityRentApp-Backend\MobilityRentApp-Backend.csproj", "{6C9DF8F2-43A4-4506-9D75-772B244A8A4D}"
EndProject
Global
	GlobalSection(SolutionConfigurationPlatforms) = preSolution
		Debug|Any CPU = Debug|Any CPU
		Release|Any CPU = Release|Any CPU
	EndGlobalSection
	GlobalSection(ProjectConfigurationPlatforms) = postSolution
		{AAD3B2CE-E24A-4409-AF4F-87CAA071FCF4}.Debug|Any CPU.ActiveCfg = Debug|Any CPU
		{AAD3B2CE-E24A-4409-AF4F-87CAA071FCF4}.Debug|Any CPU.Build.0 = Debug|Any CPU
		{AAD3B2CE-E24A-4409-AF4F-87CAA071FCF4}.Debug|Any CPU.Deploy.0 = Debug|Any CPU
		{AAD3B2CE-E24A-4409-AF4F-87CAA071FCF4}.Release|Any CPU.ActiveCfg = Release|Any CPU
		{AAD3B2CE-E24A-4409-AF4F-87CAA071FCF4}.Release|Any CPU.Build.0 = Release|Any CPU
		{AAD3B2CE-E24A-4409-AF4F-87CAA071FCF4}.Release|Any CPU.Deploy.0 = Release|Any CPU
		{6C9DF8F2-43A4-4506-9D75-772B244A8A4D}.Debug|Any CPU.ActiveCfg = Debug|Any CPU
		{6C9DF8F2-43A4-4506-9D75-772B244A8A4D}.Debug|Any CPU.Build.0 = Debug|Any CPU
		{6C9DF8F2-43A4-4506-9D75-772B244A8A4D}.Release|Any CPU.ActiveCfg = Release|Any CPU
		{6C9DF8F2-43A4-4506-9D75-772B244A8A4D}.Release|Any CPU.Build.0 = Release|Any CPU
	EndGlobalSection
	GlobalSection(SolutionProperties) = preSolution
		HideSolutionNode = FALSE
	EndGlobalSection
	GlobalSection(ExtensibilityGlobals) = postSolution
		SolutionGuid = {AD150406-A4F4-4835-8BA3-45B848451618}
	EndGlobalSection
EndGlobal
